// !$*UTF8*$!
{
	archiveVersion = 1;
	classes = {
	};
	objectVersion = 56;
	objects = {

/* Begin PBXBuildFile section */
		D1EDAC882BE9267000645A5C /* LockAppApp.swift in Sources */ = {isa = PBXBuildFile; fileRef = D1EDAC872BE9267000645A5C /* LockAppApp.swift */; };
		D1EDAC8A2BE9267000645A5C /* ContentView.swift in Sources */ = {isa = PBXBuildFile; fileRef = D1EDAC892BE9267000645A5C /* ContentView.swift */; };
		D1EDAC8C2BE9267100645A5C /* Assets.xcassets in Resources */ = {isa = PBXBuildFile; fileRef = D1EDAC8B2BE9267100645A5C /* Assets.xcassets */; };
		D1EDAC902BE9267100645A5C /* Preview Assets.xcassets in Resources */ = {isa = PBXBuildFile; fileRef = D1EDAC8F2BE9267100645A5C /* Preview Assets.xcassets */; };
		D1EDAC972BE926B700645A5C /* MyModel.swift in Sources */ = {isa = PBXBuildFile; fileRef = D1EDAC962BE926B700645A5C /* MyModel.swift */; };
		D1EDAC9F2BE927AB00645A5C /* DeviceActivity.framework in Frameworks */ = {isa = PBXBuildFile; fileRef = D1EDAC9E2BE927AB00645A5C /* DeviceActivity.framework */; };
		D1EDACA22BE927AB00645A5C /* DeviceActivityMonitorExtension.swift in Sources */ = {isa = PBXBuildFile; fileRef = D1EDACA12BE927AB00645A5C /* DeviceActivityMonitorExtension.swift */; };
		D1EDACA72BE927AB00645A5C /* Device.appex in Embed Foundation Extensions */ = {isa = PBXBuildFile; fileRef = D1EDAC9C2BE927AB00645A5C /* Device.appex */; settings = {ATTRIBUTES = (RemoveHeadersOnCopy, ); }; };
		D1EDACB22BE927E700645A5C /* ManagedSettings.framework in Frameworks */ = {isa = PBXBuildFile; fileRef = D1EDACB12BE927E700645A5C /* ManagedSettings.framework */; };
		D1EDACB52BE927E700645A5C /* ShieldActionExtension.swift in Sources */ = {isa = PBXBuildFile; fileRef = D1EDACB42BE927E700645A5C /* ShieldActionExtension.swift */; };
		D1EDACBA2BE927E700645A5C /* NewLockAppAction.appex in Embed Foundation Extensions */ = {isa = PBXBuildFile; fileRef = D1EDACB02BE927E700645A5C /* NewLockAppAction.appex */; settings = {ATTRIBUTES = (RemoveHeadersOnCopy, ); }; };
		D1EDACC32BE9280700645A5C /* ManagedSettings.framework in Frameworks */ = {isa = PBXBuildFile; fileRef = D1EDACB12BE927E700645A5C /* ManagedSettings.framework */; };
		D1EDACC52BE9280700645A5C /* ManagedSettingsUI.framework in Frameworks */ = {isa = PBXBuildFile; fileRef = D1EDACC42BE9280700645A5C /* ManagedSettingsUI.framework */; };
		D1EDACC82BE9280700645A5C /* ShieldConfigurationExtension.swift in Sources */ = {isa = PBXBuildFile; fileRef = D1EDACC72BE9280700645A5C /* ShieldConfigurationExtension.swift */; };
		D1EDACCD2BE9280700645A5C /* NewLockAppConfig.appex in Embed Foundation Extensions */ = {isa = PBXBuildFile; fileRef = D1EDACC22BE9280700645A5C /* NewLockAppConfig.appex */; settings = {ATTRIBUTES = (RemoveHeadersOnCopy, ); }; };
		D1EDACD12BE9286300645A5C /* MyModel.swift in Sources */ = {isa = PBXBuildFile; fileRef = D1EDAC962BE926B700645A5C /* MyModel.swift */; };
		D1EDACD22BE9286300645A5C /* MyModel.swift in Sources */ = {isa = PBXBuildFile; fileRef = D1EDAC962BE926B700645A5C /* MyModel.swift */; };
		D1EDACD32BE9286400645A5C /* MyModel.swift in Sources */ = {isa = PBXBuildFile; fileRef = D1EDAC962BE926B700645A5C /* MyModel.swift */; };
/* End PBXBuildFile section */

/* Begin PBXContainerItemProxy section */
		D1EDACA52BE927AB00645A5C /* PBXContainerItemProxy */ = {
			isa = PBXContainerItemProxy;
			containerPortal = D1EDAC7C2BE9267000645A5C /* Project object */;
			proxyType = 1;
			remoteGlobalIDString = D1EDAC9B2BE927AB00645A5C;
			remoteInfo = Device;
		};
		D1EDACB82BE927E700645A5C /* PBXContainerItemProxy */ = {
			isa = PBXContainerItemProxy;
			containerPortal = D1EDAC7C2BE9267000645A5C /* Project object */;
			proxyType = 1;
			remoteGlobalIDString = D1EDACAF2BE927E700645A5C;
			remoteInfo = NewLockAppAction;
		};
		D1EDACCB2BE9280700645A5C /* PBXContainerItemProxy */ = {
			isa = PBXContainerItemProxy;
			containerPortal = D1EDAC7C2BE9267000645A5C /* Project object */;
			proxyType = 1;
			remoteGlobalIDString = D1EDACC12BE9280700645A5C;
			remoteInfo = NewLockAppConfig;
		};
/* End PBXContainerItemProxy section */

/* Begin PBXCopyFilesBuildPhase section */
		D1EDACAB2BE927AB00645A5C /* Embed Foundation Extensions */ = {
			isa = PBXCopyFilesBuildPhase;
			buildActionMask = 2147483647;
			dstPath = "";
			dstSubfolderSpec = 13;
			files = (
				D1EDACCD2BE9280700645A5C /* NewLockAppConfig.appex in Embed Foundation Extensions */,
				D1EDACBA2BE927E700645A5C /* NewLockAppAction.appex in Embed Foundation Extensions */,
				D1EDACA72BE927AB00645A5C /* Device.appex in Embed Foundation Extensions */,
			);
			name = "Embed Foundation Extensions";
			runOnlyForDeploymentPostprocessing = 0;
		};
/* End PBXCopyFilesBuildPhase section */

/* Begin PBXFileReference section */
		D19377002BEA017D00137081 /* WidgetKit.framework */ = {isa = PBXFileReference; lastKnownFileType = wrapper.framework; name = WidgetKit.framework; path = System/Library/Frameworks/WidgetKit.framework; sourceTree = SDKROOT; };
		D19377022BEA017D00137081 /* SwiftUI.framework */ = {isa = PBXFileReference; lastKnownFileType = wrapper.framework; name = SwiftUI.framework; path = System/Library/Frameworks/SwiftUI.framework; sourceTree = SDKROOT; };
		D1EDAC842BE9267000645A5C /* LockApp.app */ = {isa = PBXFileReference; explicitFileType = wrapper.application; includeInIndex = 0; path = LockApp.app; sourceTree = BUILT_PRODUCTS_DIR; };
		D1EDAC872BE9267000645A5C /* LockAppApp.swift */ = {isa = PBXFileReference; lastKnownFileType = sourcecode.swift; path = LockAppApp.swift; sourceTree = "<group>"; };
		D1EDAC892BE9267000645A5C /* ContentView.swift */ = {isa = PBXFileReference; lastKnownFileType = sourcecode.swift; path = ContentView.swift; sourceTree = "<group>"; };
		D1EDAC8B2BE9267100645A5C /* Assets.xcassets */ = {isa = PBXFileReference; lastKnownFileType = folder.assetcatalog; path = Assets.xcassets; sourceTree = "<group>"; };
		D1EDAC8D2BE9267100645A5C /* LockApp.entitlements */ = {isa = PBXFileReference; lastKnownFileType = text.plist.entitlements; path = LockApp.entitlements; sourceTree = "<group>"; };
		D1EDAC8F2BE9267100645A5C /* Preview Assets.xcassets */ = {isa = PBXFileReference; lastKnownFileType = folder.assetcatalog; path = "Preview Assets.xcassets"; sourceTree = "<group>"; };
		D1EDAC962BE926B700645A5C /* MyModel.swift */ = {isa = PBXFileReference; fileEncoding = 4; lastKnownFileType = sourcecode.swift; path = MyModel.swift; sourceTree = "<group>"; };
		D1EDAC9C2BE927AB00645A5C /* Device.appex */ = {isa = PBXFileReference; explicitFileType = "wrapper.app-extension"; includeInIndex = 0; path = Device.appex; sourceTree = BUILT_PRODUCTS_DIR; };
		D1EDAC9E2BE927AB00645A5C /* DeviceActivity.framework */ = {isa = PBXFileReference; lastKnownFileType = wrapper.framework; name = DeviceActivity.framework; path = System/Library/Frameworks/DeviceActivity.framework; sourceTree = SDKROOT; };
		D1EDACA12BE927AB00645A5C /* DeviceActivityMonitorExtension.swift */ = {isa = PBXFileReference; lastKnownFileType = sourcecode.swift; path = DeviceActivityMonitorExtension.swift; sourceTree = "<group>"; };
		D1EDACA32BE927AB00645A5C /* Info.plist */ = {isa = PBXFileReference; lastKnownFileType = text.plist.xml; path = Info.plist; sourceTree = "<group>"; };
		D1EDACA42BE927AB00645A5C /* Device.entitlements */ = {isa = PBXFileReference; lastKnownFileType = text.plist.entitlements; path = Device.entitlements; sourceTree = "<group>"; };
		D1EDACB02BE927E700645A5C /* NewLockAppAction.appex */ = {isa = PBXFileReference; explicitFileType = "wrapper.app-extension"; includeInIndex = 0; path = NewLockAppAction.appex; sourceTree = BUILT_PRODUCTS_DIR; };
		D1EDACB12BE927E700645A5C /* ManagedSettings.framework */ = {isa = PBXFileReference; lastKnownFileType = wrapper.framework; name = ManagedSettings.framework; path = System/Library/Frameworks/ManagedSettings.framework; sourceTree = SDKROOT; };
		D1EDACB42BE927E700645A5C /* ShieldActionExtension.swift */ = {isa = PBXFileReference; lastKnownFileType = sourcecode.swift; path = ShieldActionExtension.swift; sourceTree = "<group>"; };
		D1EDACB62BE927E700645A5C /* Info.plist */ = {isa = PBXFileReference; lastKnownFileType = text.plist.xml; path = Info.plist; sourceTree = "<group>"; };
		D1EDACB72BE927E700645A5C /* NewLockAppAction.entitlements */ = {isa = PBXFileReference; lastKnownFileType = text.plist.entitlements; path = NewLockAppAction.entitlements; sourceTree = "<group>"; };
		D1EDACC22BE9280700645A5C /* NewLockAppConfig.appex */ = {isa = PBXFileReference; explicitFileType = "wrapper.app-extension"; includeInIndex = 0; path = NewLockAppConfig.appex; sourceTree = BUILT_PRODUCTS_DIR; };
		D1EDACC42BE9280700645A5C /* ManagedSettingsUI.framework */ = {isa = PBXFileReference; lastKnownFileType = wrapper.framework; name = ManagedSettingsUI.framework; path = Library/Frameworks/ManagedSettingsUI.framework; sourceTree = DEVELOPER_DIR; };
		D1EDACC72BE9280700645A5C /* ShieldConfigurationExtension.swift */ = {isa = PBXFileReference; lastKnownFileType = sourcecode.swift; path = ShieldConfigurationExtension.swift; sourceTree = "<group>"; };
		D1EDACC92BE9280700645A5C /* Info.plist */ = {isa = PBXFileReference; lastKnownFileType = text.plist.xml; path = Info.plist; sourceTree = "<group>"; };
		D1EDACCA2BE9280700645A5C /* NewLockAppConfig.entitlements */ = {isa = PBXFileReference; lastKnownFileType = text.plist.entitlements; path = NewLockAppConfig.entitlements; sourceTree = "<group>"; };
		D1EDACD42BE9302C00645A5C /* Info.plist */ = {isa = PBXFileReference; lastKnownFileType = text.plist; path = Info.plist; sourceTree = "<group>"; };
/* End PBXFileReference section */

/* Begin PBXFrameworksBuildPhase section */
		D1EDAC812BE9267000645A5C /* Frameworks */ = {
			isa = PBXFrameworksBuildPhase;
			buildActionMask = 2147483647;
			files = (
			);
			runOnlyForDeploymentPostprocessing = 0;
		};
		D1EDAC992BE927AB00645A5C /* Frameworks */ = {
			isa = PBXFrameworksBuildPhase;
			buildActionMask = 2147483647;
			files = (
				D1EDAC9F2BE927AB00645A5C /* DeviceActivity.framework in Frameworks */,
			);
			runOnlyForDeploymentPostprocessing = 0;
		};
		D1EDACAD2BE927E700645A5C /* Frameworks */ = {
			isa = PBXFrameworksBuildPhase;
			buildActionMask = 2147483647;
			files = (
				D1EDACB22BE927E700645A5C /* ManagedSettings.framework in Frameworks */,
			);
			runOnlyForDeploymentPostprocessing = 0;
		};
		D1EDACBF2BE9280700645A5C /* Frameworks */ = {
			isa = PBXFrameworksBuildPhase;
			buildActionMask = 2147483647;
			files = (
				D1EDACC32BE9280700645A5C /* ManagedSettings.framework in Frameworks */,
				D1EDACC52BE9280700645A5C /* ManagedSettingsUI.framework in Frameworks */,
			);
			runOnlyForDeploymentPostprocessing = 0;
		};
/* End PBXFrameworksBuildPhase section */

/* Begin PBXGroup section */
		D1EDAC7B2BE9267000645A5C = {
			isa = PBXGroup;
			children = (
				D1EDAC862BE9267000645A5C /* LockApp */,
				D1EDACA02BE927AB00645A5C /* Device */,
				D1EDACB32BE927E700645A5C /* NewLockAppAction */,
				D1EDACC62BE9280700645A5C /* NewLockAppConfig */,
				D1EDAC9D2BE927AB00645A5C /* Frameworks */,
				D1EDAC852BE9267000645A5C /* Products */,
			);
			sourceTree = "<group>";
		};
		D1EDAC852BE9267000645A5C /* Products */ = {
			isa = PBXGroup;
			children = (
				D1EDAC842BE9267000645A5C /* LockApp.app */,
				D1EDAC9C2BE927AB00645A5C /* Device.appex */,
				D1EDACB02BE927E700645A5C /* NewLockAppAction.appex */,
				D1EDACC22BE9280700645A5C /* NewLockAppConfig.appex */,
			);
			name = Products;
			sourceTree = "<group>";
		};
		D1EDAC862BE9267000645A5C /* LockApp */ = {
			isa = PBXGroup;
			children = (
				D1EDACD42BE9302C00645A5C /* Info.plist */,
				D1EDAC962BE926B700645A5C /* MyModel.swift */,
				D1EDAC872BE9267000645A5C /* LockAppApp.swift */,
				D1EDAC892BE9267000645A5C /* ContentView.swift */,
				D1EDAC8B2BE9267100645A5C /* Assets.xcassets */,
				D1EDAC8D2BE9267100645A5C /* LockApp.entitlements */,
				D1EDAC8E2BE9267100645A5C /* Preview Content */,
			);
			path = LockApp;
			sourceTree = "<group>";
		};
		D1EDAC8E2BE9267100645A5C /* Preview Content */ = {
			isa = PBXGroup;
			children = (
				D1EDAC8F2BE9267100645A5C /* Preview Assets.xcassets */,
			);
			path = "Preview Content";
			sourceTree = "<group>";
		};
		D1EDAC9D2BE927AB00645A5C /* Frameworks */ = {
			isa = PBXGroup;
			children = (
				D1EDAC9E2BE927AB00645A5C /* DeviceActivity.framework */,
				D1EDACB12BE927E700645A5C /* ManagedSettings.framework */,
				D1EDACC42BE9280700645A5C /* ManagedSettingsUI.framework */,
				D19377002BEA017D00137081 /* WidgetKit.framework */,
				D19377022BEA017D00137081 /* SwiftUI.framework */,
			);
			name = Frameworks;
			sourceTree = "<group>";
		};
		D1EDACA02BE927AB00645A5C /* Device */ = {
			isa = PBXGroup;
			children = (
				D1EDACA12BE927AB00645A5C /* DeviceActivityMonitorExtension.swift */,
				D1EDACA32BE927AB00645A5C /* Info.plist */,
				D1EDACA42BE927AB00645A5C /* Device.entitlements */,
			);
			path = Device;
			sourceTree = "<group>";
		};
		D1EDACB32BE927E700645A5C /* NewLockAppAction */ = {
			isa = PBXGroup;
			children = (
				D1EDACB42BE927E700645A5C /* ShieldActionExtension.swift */,
				D1EDACB62BE927E700645A5C /* Info.plist */,
				D1EDACB72BE927E700645A5C /* NewLockAppAction.entitlements */,
			);
			path = NewLockAppAction;
			sourceTree = "<group>";
		};
		D1EDACC62BE9280700645A5C /* NewLockAppConfig */ = {
			isa = PBXGroup;
			children = (
				D1EDACC72BE9280700645A5C /* ShieldConfigurationExtension.swift */,
				D1EDACC92BE9280700645A5C /* Info.plist */,
				D1EDACCA2BE9280700645A5C /* NewLockAppConfig.entitlements */,
			);
			path = NewLockAppConfig;
			sourceTree = "<group>";
		};
/* End PBXGroup section */

/* Begin PBXNativeTarget section */
		D1EDAC832BE9267000645A5C /* LockApp */ = {
			isa = PBXNativeTarget;
			buildConfigurationList = D1EDAC932BE9267100645A5C /* Build configuration list for PBXNativeTarget "LockApp" */;
			buildPhases = (
				D1EDAC802BE9267000645A5C /* Sources */,
				D1EDAC812BE9267000645A5C /* Frameworks */,
				D1EDAC822BE9267000645A5C /* Resources */,
				D1EDACAB2BE927AB00645A5C /* Embed Foundation Extensions */,
			);
			buildRules = (
			);
			dependencies = (
				D1EDACA62BE927AB00645A5C /* PBXTargetDependency */,
				D1EDACB92BE927E700645A5C /* PBXTargetDependency */,
				D1EDACCC2BE9280700645A5C /* PBXTargetDependency */,
			);
			name = LockApp;
			productName = LockApp;
			productReference = D1EDAC842BE9267000645A5C /* LockApp.app */;
			productType = "com.apple.product-type.application";
		};
		D1EDAC9B2BE927AB00645A5C /* Device */ = {
			isa = PBXNativeTarget;
			buildConfigurationList = D1EDACA82BE927AB00645A5C /* Build configuration list for PBXNativeTarget "Device" */;
			buildPhases = (
				D1EDAC982BE927AB00645A5C /* Sources */,
				D1EDAC992BE927AB00645A5C /* Frameworks */,
				D1EDAC9A2BE927AB00645A5C /* Resources */,
			);
			buildRules = (
			);
			dependencies = (
			);
			name = Device;
			productName = Device;
			productReference = D1EDAC9C2BE927AB00645A5C /* Device.appex */;
			productType = "com.apple.product-type.app-extension";
		};
		D1EDACAF2BE927E700645A5C /* NewLockAppAction */ = {
			isa = PBXNativeTarget;
			buildConfigurationList = D1EDACBB2BE927E700645A5C /* Build configuration list for PBXNativeTarget "NewLockAppAction" */;
			buildPhases = (
				D1EDACAC2BE927E700645A5C /* Sources */,
				D1EDACAD2BE927E700645A5C /* Frameworks */,
				D1EDACAE2BE927E700645A5C /* Resources */,
			);
			buildRules = (
			);
			dependencies = (
			);
			name = NewLockAppAction;
			productName = NewLockAppAction;
			productReference = D1EDACB02BE927E700645A5C /* NewLockAppAction.appex */;
			productType = "com.apple.product-type.app-extension";
		};
		D1EDACC12BE9280700645A5C /* NewLockAppConfig */ = {
			isa = PBXNativeTarget;
			buildConfigurationList = D1EDACCE2BE9280700645A5C /* Build configuration list for PBXNativeTarget "NewLockAppConfig" */;
			buildPhases = (
				D1EDACBE2BE9280700645A5C /* Sources */,
				D1EDACBF2BE9280700645A5C /* Frameworks */,
				D1EDACC02BE9280700645A5C /* Resources */,
			);
			buildRules = (
			);
			dependencies = (
			);
			name = NewLockAppConfig;
			productName = NewLockAppConfig;
			productReference = D1EDACC22BE9280700645A5C /* NewLockAppConfig.appex */;
			productType = "com.apple.product-type.app-extension";
		};
/* End PBXNativeTarget section */

/* Begin PBXProject section */
		D1EDAC7C2BE9267000645A5C /* Project object */ = {
			isa = PBXProject;
			attributes = {
				BuildIndependentTargetsInParallel = 1;
				LastSwiftUpdateCheck = 1530;
				LastUpgradeCheck = 1530;
				TargetAttributes = {
					D1EDAC832BE9267000645A5C = {
						CreatedOnToolsVersion = 15.3;
					};
					D1EDAC9B2BE927AB00645A5C = {
						CreatedOnToolsVersion = 15.3;
					};
					D1EDACAF2BE927E700645A5C = {
						CreatedOnToolsVersion = 15.3;
					};
					D1EDACC12BE9280700645A5C = {
						CreatedOnToolsVersion = 15.3;
					};
				};
			};
			buildConfigurationList = D1EDAC7F2BE9267000645A5C /* Build configuration list for PBXProject "LockApp" */;
			compatibilityVersion = "Xcode 14.0";
			developmentRegion = en;
			hasScannedForEncodings = 0;
			knownRegions = (
				en,
				Base,
			);
			mainGroup = D1EDAC7B2BE9267000645A5C;
			productRefGroup = D1EDAC852BE9267000645A5C /* Products */;
			projectDirPath = "";
			projectRoot = "";
			targets = (
				D1EDAC832BE9267000645A5C /* LockApp */,
				D1EDAC9B2BE927AB00645A5C /* Device */,
				D1EDACAF2BE927E700645A5C /* NewLockAppAction */,
				D1EDACC12BE9280700645A5C /* NewLockAppConfig */,
			);
		};
/* End PBXProject section */

/* Begin PBXResourcesBuildPhase section */
		D1EDAC822BE9267000645A5C /* Resources */ = {
			isa = PBXResourcesBuildPhase;
			buildActionMask = 2147483647;
			files = (
				D1EDAC902BE9267100645A5C /* Preview Assets.xcassets in Resources */,
				D1EDAC8C2BE9267100645A5C /* Assets.xcassets in Resources */,
			);
			runOnlyForDeploymentPostprocessing = 0;
		};
		D1EDAC9A2BE927AB00645A5C /* Resources */ = {
			isa = PBXResourcesBuildPhase;
			buildActionMask = 2147483647;
			files = (
			);
			runOnlyForDeploymentPostprocessing = 0;
		};
		D1EDACAE2BE927E700645A5C /* Resources */ = {
			isa = PBXResourcesBuildPhase;
			buildActionMask = 2147483647;
			files = (
			);
			runOnlyForDeploymentPostprocessing = 0;
		};
		D1EDACC02BE9280700645A5C /* Resources */ = {
			isa = PBXResourcesBuildPhase;
			buildActionMask = 2147483647;
			files = (
			);
			runOnlyForDeploymentPostprocessing = 0;
		};
/* End PBXResourcesBuildPhase section */

/* Begin PBXSourcesBuildPhase section */
		D1EDAC802BE9267000645A5C /* Sources */ = {
			isa = PBXSourcesBuildPhase;
			buildActionMask = 2147483647;
			files = (
				D1EDAC8A2BE9267000645A5C /* ContentView.swift in Sources */,
				D1EDAC972BE926B700645A5C /* MyModel.swift in Sources */,
				D1EDAC882BE9267000645A5C /* LockAppApp.swift in Sources */,
			);
			runOnlyForDeploymentPostprocessing = 0;
		};
		D1EDAC982BE927AB00645A5C /* Sources */ = {
			isa = PBXSourcesBuildPhase;
			buildActionMask = 2147483647;
			files = (
				D1EDACA22BE927AB00645A5C /* DeviceActivityMonitorExtension.swift in Sources */,
				D1EDACD12BE9286300645A5C /* MyModel.swift in Sources */,
			);
			runOnlyForDeploymentPostprocessing = 0;
		};
		D1EDACAC2BE927E700645A5C /* Sources */ = {
			isa = PBXSourcesBuildPhase;
			buildActionMask = 2147483647;
			files = (
				D1EDACB52BE927E700645A5C /* ShieldActionExtension.swift in Sources */,
				D1EDACD32BE9286400645A5C /* MyModel.swift in Sources */,
			);
			runOnlyForDeploymentPostprocessing = 0;
		};
		D1EDACBE2BE9280700645A5C /* Sources */ = {
			isa = PBXSourcesBuildPhase;
			buildActionMask = 2147483647;
			files = (
				D1EDACC82BE9280700645A5C /* ShieldConfigurationExtension.swift in Sources */,
				D1EDACD22BE9286300645A5C /* MyModel.swift in Sources */,
			);
			runOnlyForDeploymentPostprocessing = 0;
		};
/* End PBXSourcesBuildPhase section */

/* Begin PBXTargetDependency section */
		D1EDACA62BE927AB00645A5C /* PBXTargetDependency */ = {
			isa = PBXTargetDependency;
			target = D1EDAC9B2BE927AB00645A5C /* Device */;
			targetProxy = D1EDACA52BE927AB00645A5C /* PBXContainerItemProxy */;
		};
		D1EDACB92BE927E700645A5C /* PBXTargetDependency */ = {
			isa = PBXTargetDependency;
			target = D1EDACAF2BE927E700645A5C /* NewLockAppAction */;
			targetProxy = D1EDACB82BE927E700645A5C /* PBXContainerItemProxy */;
		};
		D1EDACCC2BE9280700645A5C /* PBXTargetDependency */ = {
			isa = PBXTargetDependency;
			target = D1EDACC12BE9280700645A5C /* NewLockAppConfig */;
			targetProxy = D1EDACCB2BE9280700645A5C /* PBXContainerItemProxy */;
		};
/* End PBXTargetDependency section */

/* Begin XCBuildConfiguration section */
		D1EDAC912BE9267100645A5C /* Debug */ = {
			isa = XCBuildConfiguration;
			buildSettings = {
				ALWAYS_SEARCH_USER_PATHS = NO;
				ASSETCATALOG_COMPILER_GENERATE_SWIFT_ASSET_SYMBOL_EXTENSIONS = YES;
				CLANG_ANALYZER_NONNULL = YES;
				CLANG_ANALYZER_NUMBER_OBJECT_CONVERSION = YES_AGGRESSIVE;
				CLANG_CXX_LANGUAGE_STANDARD = "gnu++20";
				CLANG_ENABLE_MODULES = YES;
				CLANG_ENABLE_OBJC_ARC = YES;
				CLANG_ENABLE_OBJC_WEAK = YES;
				CLANG_WARN_BLOCK_CAPTURE_AUTORELEASING = YES;
				CLANG_WARN_BOOL_CONVERSION = YES;
				CLANG_WARN_COMMA = YES;
				CLANG_WARN_CONSTANT_CONVERSION = YES;
				CLANG_WARN_DEPRECATED_OBJC_IMPLEMENTATIONS = YES;
				CLANG_WARN_DIRECT_OBJC_ISA_USAGE = YES_ERROR;
				CLANG_WARN_DOCUMENTATION_COMMENTS = YES;
				CLANG_WARN_EMPTY_BODY = YES;
				CLANG_WARN_ENUM_CONVERSION = YES;
				CLANG_WARN_INFINITE_RECURSION = YES;
				CLANG_WARN_INT_CONVERSION = YES;
				CLANG_WARN_NON_LITERAL_NULL_CONVERSION = YES;
				CLANG_WARN_OBJC_IMPLICIT_RETAIN_SELF = YES;
				CLANG_WARN_OBJC_LITERAL_CONVERSION = YES;
				CLANG_WARN_OBJC_ROOT_CLASS = YES_ERROR;
				CLANG_WARN_QUOTED_INCLUDE_IN_FRAMEWORK_HEADER = YES;
				CLANG_WARN_RANGE_LOOP_ANALYSIS = YES;
				CLANG_WARN_STRICT_PROTOTYPES = YES;
				CLANG_WARN_SUSPICIOUS_MOVE = YES;
				CLANG_WARN_UNGUARDED_AVAILABILITY = YES_AGGRESSIVE;
				CLANG_WARN_UNREACHABLE_CODE = YES;
				CLANG_WARN__DUPLICATE_METHOD_MATCH = YES;
				COPY_PHASE_STRIP = NO;
				DEBUG_INFORMATION_FORMAT = dwarf;
				ENABLE_STRICT_OBJC_MSGSEND = YES;
				ENABLE_TESTABILITY = YES;
				ENABLE_USER_SCRIPT_SANDBOXING = YES;
				GCC_C_LANGUAGE_STANDARD = gnu17;
				GCC_DYNAMIC_NO_PIC = NO;
				GCC_NO_COMMON_BLOCKS = YES;
				GCC_OPTIMIZATION_LEVEL = 0;
				GCC_PREPROCESSOR_DEFINITIONS = (
					"DEBUG=1",
					"$(inherited)",
				);
				GCC_WARN_64_TO_32_BIT_CONVERSION = YES;
				GCC_WARN_ABOUT_RETURN_TYPE = YES_ERROR;
				GCC_WARN_UNDECLARED_SELECTOR = YES;
				GCC_WARN_UNINITIALIZED_AUTOS = YES_AGGRESSIVE;
				GCC_WARN_UNUSED_FUNCTION = YES;
				GCC_WARN_UNUSED_VARIABLE = YES;
				IPHONEOS_DEPLOYMENT_TARGET = 16.0;
				LOCALIZATION_PREFERS_STRING_CATALOGS = YES;
				MTL_ENABLE_DEBUG_INFO = INCLUDE_SOURCE;
				MTL_FAST_MATH = YES;
				ONLY_ACTIVE_ARCH = YES;
				SWIFT_ACTIVE_COMPILATION_CONDITIONS = "DEBUG $(inherited)";
				SWIFT_OPTIMIZATION_LEVEL = "-Onone";
			};
			name = Debug;
		};
		D1EDAC922BE9267100645A5C /* Release */ = {
			isa = XCBuildConfiguration;
			buildSettings = {
				ALWAYS_SEARCH_USER_PATHS = NO;
				ASSETCATALOG_COMPILER_GENERATE_SWIFT_ASSET_SYMBOL_EXTENSIONS = YES;
				CLANG_ANALYZER_NONNULL = YES;
				CLANG_ANALYZER_NUMBER_OBJECT_CONVERSION = YES_AGGRESSIVE;
				CLANG_CXX_LANGUAGE_STANDARD = "gnu++20";
				CLANG_ENABLE_MODULES = YES;
				CLANG_ENABLE_OBJC_ARC = YES;
				CLANG_ENABLE_OBJC_WEAK = YES;
				CLANG_WARN_BLOCK_CAPTURE_AUTORELEASING = YES;
				CLANG_WARN_BOOL_CONVERSION = YES;
				CLANG_WARN_COMMA = YES;
				CLANG_WARN_CONSTANT_CONVERSION = YES;
				CLANG_WARN_DEPRECATED_OBJC_IMPLEMENTATIONS = YES;
				CLANG_WARN_DIRECT_OBJC_ISA_USAGE = YES_ERROR;
				CLANG_WARN_DOCUMENTATION_COMMENTS = YES;
				CLANG_WARN_EMPTY_BODY = YES;
				CLANG_WARN_ENUM_CONVERSION = YES;
				CLANG_WARN_INFINITE_RECURSION = YES;
				CLANG_WARN_INT_CONVERSION = YES;
				CLANG_WARN_NON_LITERAL_NULL_CONVERSION = YES;
				CLANG_WARN_OBJC_IMPLICIT_RETAIN_SELF = YES;
				CLANG_WARN_OBJC_LITERAL_CONVERSION = YES;
				CLANG_WARN_OBJC_ROOT_CLASS = YES_ERROR;
				CLANG_WARN_QUOTED_INCLUDE_IN_FRAMEWORK_HEADER = YES;
				CLANG_WARN_RANGE_LOOP_ANALYSIS = YES;
				CLANG_WARN_STRICT_PROTOTYPES = YES;
				CLANG_WARN_SUSPICIOUS_MOVE = YES;
				CLANG_WARN_UNGUARDED_AVAILABILITY = YES_AGGRESSIVE;
				CLANG_WARN_UNREACHABLE_CODE = YES;
				CLANG_WARN__DUPLICATE_METHOD_MATCH = YES;
				COPY_PHASE_STRIP = NO;
				DEBUG_INFORMATION_FORMAT = "dwarf-with-dsym";
				ENABLE_NS_ASSERTIONS = NO;
				ENABLE_STRICT_OBJC_MSGSEND = YES;
				ENABLE_USER_SCRIPT_SANDBOXING = YES;
				GCC_C_LANGUAGE_STANDARD = gnu17;
				GCC_NO_COMMON_BLOCKS = YES;
				GCC_WARN_64_TO_32_BIT_CONVERSION = YES;
				GCC_WARN_ABOUT_RETURN_TYPE = YES_ERROR;
				GCC_WARN_UNDECLARED_SELECTOR = YES;
				GCC_WARN_UNINITIALIZED_AUTOS = YES_AGGRESSIVE;
				GCC_WARN_UNUSED_FUNCTION = YES;
				GCC_WARN_UNUSED_VARIABLE = YES;
				IPHONEOS_DEPLOYMENT_TARGET = 16.0;
				LOCALIZATION_PREFERS_STRING_CATALOGS = YES;
				MTL_ENABLE_DEBUG_INFO = NO;
				MTL_FAST_MATH = YES;
				SWIFT_COMPILATION_MODE = wholemodule;
			};
			name = Release;
		};
		D1EDAC942BE9267100645A5C /* Debug */ = {
			isa = XCBuildConfiguration;
			buildSettings = {
				ALWAYS_EMBED_SWIFT_STANDARD_LIBRARIES = YES;
				ASSETCATALOG_COMPILER_APPICON_NAME = AppIcon;
				ASSETCATALOG_COMPILER_GLOBAL_ACCENT_COLOR_NAME = AccentColor;
				CODE_SIGN_ENTITLEMENTS = LockApp/LockApp.entitlements;
				CODE_SIGN_IDENTITY = "Apple Development";
				CODE_SIGN_STYLE = Automatic;
				CURRENT_PROJECT_VERSION = 1;
				DEVELOPMENT_ASSET_PATHS = "\"LockApp/Preview Content\"";
				DEVELOPMENT_TEAM = GU6TNC55T8;
				ENABLE_PREVIEWS = YES;
				GENERATE_INFOPLIST_FILE = YES;
				INFOPLIST_FILE = LockApp/Info.plist;
				"INFOPLIST_KEY_UIApplicationSceneManifest_Generation[sdk=iphoneos*]" = YES;
				"INFOPLIST_KEY_UIApplicationSceneManifest_Generation[sdk=iphonesimulator*]" = YES;
				"INFOPLIST_KEY_UIApplicationSupportsIndirectInputEvents[sdk=iphoneos*]" = YES;
				"INFOPLIST_KEY_UIApplicationSupportsIndirectInputEvents[sdk=iphonesimulator*]" = YES;
				"INFOPLIST_KEY_UILaunchScreen_Generation[sdk=iphoneos*]" = YES;
				"INFOPLIST_KEY_UILaunchScreen_Generation[sdk=iphonesimulator*]" = YES;
				"INFOPLIST_KEY_UIStatusBarStyle[sdk=iphoneos*]" = UIStatusBarStyleDefault;
				"INFOPLIST_KEY_UIStatusBarStyle[sdk=iphonesimulator*]" = UIStatusBarStyleDefault;
				INFOPLIST_KEY_UISupportedInterfaceOrientations_iPad = "UIInterfaceOrientationPortrait UIInterfaceOrientationPortraitUpsideDown UIInterfaceOrientationLandscapeLeft UIInterfaceOrientationLandscapeRight";
				INFOPLIST_KEY_UISupportedInterfaceOrientations_iPhone = "UIInterfaceOrientationPortrait UIInterfaceOrientationLandscapeLeft UIInterfaceOrientationLandscapeRight";
				IPHONEOS_DEPLOYMENT_TARGET = 16.0;
				LD_RUNPATH_SEARCH_PATHS = "@executable_path/Frameworks";
				"LD_RUNPATH_SEARCH_PATHS[sdk=macosx*]" = "@executable_path/../Frameworks";
				MACOSX_DEPLOYMENT_TARGET = 14.2;
				MARKETING_VERSION = 1.0;
				PRODUCT_BUNDLE_IDENTIFIER = com.WhiteHax.DemoiOS;
				PRODUCT_NAME = "$(TARGET_NAME)";
				PROVISIONING_PROFILE_SPECIFIER = "";
				SDKROOT = auto;
				SUPPORTED_PLATFORMS = "iphoneos iphonesimulator";
				SUPPORTS_MACCATALYST = NO;
				SWIFT_EMIT_LOC_STRINGS = YES;
				SWIFT_VERSION = 5.0;
				TARGETED_DEVICE_FAMILY = "1,2";
			};
			name = Debug;
		};
		D1EDAC952BE9267100645A5C /* Release */ = {
			isa = XCBuildConfiguration;
			buildSettings = {
				ALWAYS_EMBED_SWIFT_STANDARD_LIBRARIES = YES;
				ASSETCATALOG_COMPILER_APPICON_NAME = AppIcon;
				ASSETCATALOG_COMPILER_GLOBAL_ACCENT_COLOR_NAME = AccentColor;
				CODE_SIGN_ENTITLEMENTS = LockApp/LockApp.entitlements;
				CODE_SIGN_IDENTITY = "Apple Development";
				CODE_SIGN_STYLE = Automatic;
				CURRENT_PROJECT_VERSION = 1;
				DEVELOPMENT_ASSET_PATHS = "\"LockApp/Preview Content\"";
				DEVELOPMENT_TEAM = GU6TNC55T8;
				ENABLE_PREVIEWS = YES;
				GENERATE_INFOPLIST_FILE = YES;
				INFOPLIST_FILE = LockApp/Info.plist;
				"INFOPLIST_KEY_UIApplicationSceneManifest_Generation[sdk=iphoneos*]" = YES;
				"INFOPLIST_KEY_UIApplicationSceneManifest_Generation[sdk=iphonesimulator*]" = YES;
				"INFOPLIST_KEY_UIApplicationSupportsIndirectInputEvents[sdk=iphoneos*]" = YES;
				"INFOPLIST_KEY_UIApplicationSupportsIndirectInputEvents[sdk=iphonesimulator*]" = YES;
				"INFOPLIST_KEY_UILaunchScreen_Generation[sdk=iphoneos*]" = YES;
				"INFOPLIST_KEY_UILaunchScreen_Generation[sdk=iphonesimulator*]" = YES;
				"INFOPLIST_KEY_UIStatusBarStyle[sdk=iphoneos*]" = UIStatusBarStyleDefault;
				"INFOPLIST_KEY_UIStatusBarStyle[sdk=iphonesimulator*]" = UIStatusBarStyleDefault;
				INFOPLIST_KEY_UISupportedInterfaceOrientations_iPad = "UIInterfaceOrientationPortrait UIInterfaceOrientationPortraitUpsideDown UIInterfaceOrientationLandscapeLeft UIInterfaceOrientationLandscapeRight";
				INFOPLIST_KEY_UISupportedInterfaceOrientations_iPhone = "UIInterfaceOrientationPortrait UIInterfaceOrientationLandscapeLeft UIInterfaceOrientationLandscapeRight";
				IPHONEOS_DEPLOYMENT_TARGET = 16.0;
				LD_RUNPATH_SEARCH_PATHS = "@executable_path/Frameworks";
				"LD_RUNPATH_SEARCH_PATHS[sdk=macosx*]" = "@executable_path/../Frameworks";
				MACOSX_DEPLOYMENT_TARGET = 14.2;
				MARKETING_VERSION = 1.0;
				PRODUCT_BUNDLE_IDENTIFIER = com.WhiteHax.DemoiOS;
				PRODUCT_NAME = "$(TARGET_NAME)";
				PROVISIONING_PROFILE_SPECIFIER = "";
				SDKROOT = auto;
				SUPPORTED_PLATFORMS = "iphoneos iphonesimulator";
				SUPPORTS_MACCATALYST = NO;
				SWIFT_EMIT_LOC_STRINGS = YES;
				SWIFT_VERSION = 5.0;
				TARGETED_DEVICE_FAMILY = "1,2";
			};
			name = Release;
		};
		D1EDACA92BE927AB00645A5C /* Debug */ = {
			isa = XCBuildConfiguration;
			buildSettings = {
				CODE_SIGN_ENTITLEMENTS = Device/Device.entitlements;
				CODE_SIGN_IDENTITY = "Apple Development";
				CODE_SIGN_STYLE = Automatic;
				CURRENT_PROJECT_VERSION = 1;
				DEVELOPMENT_TEAM = GU6TNC55T8;
				GENERATE_INFOPLIST_FILE = YES;
				INFOPLIST_FILE = Device/Info.plist;
				INFOPLIST_KEY_CFBundleDisplayName = Device;
				INFOPLIST_KEY_NSHumanReadableCopyright = "";
				IPHONEOS_DEPLOYMENT_TARGET = 16.0;
				LD_RUNPATH_SEARCH_PATHS = (
					"$(inherited)",
					"@executable_path/Frameworks",
					"@executable_path/../../Frameworks",
				);
				MARKETING_VERSION = 1.0;
				PRODUCT_BUNDLE_IDENTIFIER = com.WhiteHax.DemoiOS.AutoFill;
				PRODUCT_NAME = "$(TARGET_NAME)";
				SDKROOT = iphoneos;
				SKIP_INSTALL = YES;
				SWIFT_EMIT_LOC_STRINGS = YES;
				SWIFT_VERSION = 5.0;
				TARGETED_DEVICE_FAMILY = "1,2";
			};
			name = Debug;
		};
		D1EDACAA2BE927AB00645A5C /* Release */ = {
			isa = XCBuildConfiguration;
			buildSettings = {
				CODE_SIGN_ENTITLEMENTS = Device/Device.entitlements;
				CODE_SIGN_IDENTITY = "Apple Development";
				CODE_SIGN_STYLE = Automatic;
				CURRENT_PROJECT_VERSION = 1;
				DEVELOPMENT_TEAM = GU6TNC55T8;
				GENERATE_INFOPLIST_FILE = YES;
				INFOPLIST_FILE = Device/Info.plist;
				INFOPLIST_KEY_CFBundleDisplayName = Device;
				INFOPLIST_KEY_NSHumanReadableCopyright = "";
				IPHONEOS_DEPLOYMENT_TARGET = 16.0;
				LD_RUNPATH_SEARCH_PATHS = (
					"$(inherited)",
					"@executable_path/Frameworks",
					"@executable_path/../../Frameworks",
				);
				MARKETING_VERSION = 1.0;
				PRODUCT_BUNDLE_IDENTIFIER = com.WhiteHax.DemoiOS.AutoFill;
				PRODUCT_NAME = "$(TARGET_NAME)";
				SDKROOT = iphoneos;
				SKIP_INSTALL = YES;
				SWIFT_EMIT_LOC_STRINGS = YES;
				SWIFT_VERSION = 5.0;
				TARGETED_DEVICE_FAMILY = "1,2";
				VALIDATE_PRODUCT = YES;
			};
			name = Release;
		};
		D1EDACBC2BE927E700645A5C /* Debug */ = {
			isa = XCBuildConfiguration;
			buildSettings = {
				CODE_SIGN_ENTITLEMENTS = NewLockAppAction/NewLockAppAction.entitlements;
				CODE_SIGN_IDENTITY = "Apple Development";
				CODE_SIGN_STYLE = Automatic;
				CURRENT_PROJECT_VERSION = 1;
				DEVELOPMENT_TEAM = GU6TNC55T8;
				GENERATE_INFOPLIST_FILE = YES;
				INFOPLIST_FILE = NewLockAppAction/Info.plist;
				INFOPLIST_KEY_CFBundleDisplayName = NewLockAppAction;
				INFOPLIST_KEY_NSHumanReadableCopyright = "";
				IPHONEOS_DEPLOYMENT_TARGET = 16.0;
				LD_RUNPATH_SEARCH_PATHS = (
					"$(inherited)",
					"@executable_path/Frameworks",
					"@executable_path/../../Frameworks",
				);
				MARKETING_VERSION = 1.0;
				PRODUCT_BUNDLE_IDENTIFIER = com.WhiteHax.DemoiOS.NewLockAppAction;
				PRODUCT_NAME = "$(TARGET_NAME)";
				SDKROOT = iphoneos;
				SKIP_INSTALL = YES;
				SWIFT_EMIT_LOC_STRINGS = YES;
				SWIFT_VERSION = 5.0;
				TARGETED_DEVICE_FAMILY = "1,2";
			};
			name = Debug;
		};
		D1EDACBD2BE927E700645A5C /* Release */ = {
			isa = XCBuildConfiguration;
			buildSettings = {
				CODE_SIGN_ENTITLEMENTS = NewLockAppAction/NewLockAppAction.entitlements;
				CODE_SIGN_IDENTITY = "Apple Development";
				CODE_SIGN_STYLE = Automatic;
				CURRENT_PROJECT_VERSION = 1;
				DEVELOPMENT_TEAM = GU6TNC55T8;
				GENERATE_INFOPLIST_FILE = YES;
				INFOPLIST_FILE = NewLockAppAction/Info.plist;
				INFOPLIST_KEY_CFBundleDisplayName = NewLockAppAction;
				INFOPLIST_KEY_NSHumanReadableCopyright = "";
				IPHONEOS_DEPLOYMENT_TARGET = 16.0;
				LD_RUNPATH_SEARCH_PATHS = (
					"$(inherited)",
					"@executable_path/Frameworks",
					"@executable_path/../../Frameworks",
				);
				MARKETING_VERSION = 1.0;
				PRODUCT_BUNDLE_IDENTIFIER = com.WhiteHax.DemoiOS.NewLockAppAction;
				PRODUCT_NAME = "$(TARGET_NAME)";
				SDKROOT = iphoneos;
				SKIP_INSTALL = YES;
				SWIFT_EMIT_LOC_STRINGS = YES;
				SWIFT_VERSION = 5.0;
				TARGETED_DEVICE_FAMILY = "1,2";
				VALIDATE_PRODUCT = YES;
			};
			name = Release;
		};
		D1EDACCF2BE9280700645A5C /* Debug */ = {
			isa = XCBuildConfiguration;
			buildSettings = {
				CODE_SIGN_ENTITLEMENTS = NewLockAppConfig/NewLockAppConfig.entitlements;
				CODE_SIGN_IDENTITY = "Apple Development";
				CODE_SIGN_STYLE = Automatic;
				CURRENT_PROJECT_VERSION = 1;
				DEVELOPMENT_TEAM = GU6TNC55T8;
				GENERATE_INFOPLIST_FILE = YES;
				INFOPLIST_FILE = NewLockAppConfig/Info.plist;
				INFOPLIST_KEY_CFBundleDisplayName = NewLockAppConfig;
				INFOPLIST_KEY_NSHumanReadableCopyright = "";
				IPHONEOS_DEPLOYMENT_TARGET = 16.0;
				LD_RUNPATH_SEARCH_PATHS = (
					"$(inherited)",
					"@executable_path/Frameworks",
					"@executable_path/../../Frameworks",
				);
				MARKETING_VERSION = 1.0;
				PRODUCT_BUNDLE_IDENTIFIER = com.WhiteHax.DemoiOS.NewLockAppConfig;
				PRODUCT_NAME = "$(TARGET_NAME)";
				SDKROOT = iphoneos;
				SKIP_INSTALL = YES;
				SWIFT_EMIT_LOC_STRINGS = YES;
				SWIFT_VERSION = 5.0;
				TARGETED_DEVICE_FAMILY = "1,2";
			};
			name = Debug;
		};
		D1EDACD02BE9280700645A5C /* Release */ = {
			isa = XCBuildConfiguration;
			buildSettings = {
				CODE_SIGN_ENTITLEMENTS = NewLockAppConfig/NewLockAppConfig.entitlements;
				CODE_SIGN_IDENTITY = "Apple Development";
				CODE_SIGN_STYLE = Automatic;
				CURRENT_PROJECT_VERSION = 1;
				DEVELOPMENT_TEAM = GU6TNC55T8;
				GENERATE_INFOPLIST_FILE = YES;
				INFOPLIST_FILE = NewLockAppConfig/Info.plist;
				INFOPLIST_KEY_CFBundleDisplayName = NewLockAppConfig;
				INFOPLIST_KEY_NSHumanReadableCopyright = "";
				IPHONEOS_DEPLOYMENT_TARGET = 16.0;
				LD_RUNPATH_SEARCH_PATHS = (
					"$(inherited)",
					"@executable_path/Frameworks",
					"@executable_path/../../Frameworks",
				);
				MARKETING_VERSION = 1.0;
				PRODUCT_BUNDLE_IDENTIFIER = com.WhiteHax.DemoiOS.NewLockAppConfig;
				PRODUCT_NAME = "$(TARGET_NAME)";
				SDKROOT = iphoneos;
				SKIP_INSTALL = YES;
				SWIFT_EMIT_LOC_STRINGS = YES;
				SWIFT_VERSION = 5.0;
				TARGETED_DEVICE_FAMILY = "1,2";
				VALIDATE_PRODUCT = YES;
			};
			name = Release;
		};
/* End XCBuildConfiguration section */

/* Begin XCConfigurationList section */
		D1EDAC7F2BE9267000645A5C /* Build configuration list for PBXProject "LockApp" */ = {
			isa = XCConfigurationList;
			buildConfigurations = (
				D1EDAC912BE9267100645A5C /* Debug */,
				D1EDAC922BE9267100645A5C /* Release */,
			);
			defaultConfigurationIsVisible = 0;
			defaultConfigurationName = Release;
		};
		D1EDAC932BE9267100645A5C /* Build configuration list for PBXNativeTarget "LockApp" */ = {
			isa = XCConfigurationList;
			buildConfigurations = (
				D1EDAC942BE9267100645A5C /* Debug */,
				D1EDAC952BE9267100645A5C /* Release */,
			);
			defaultConfigurationIsVisible = 0;
			defaultConfigurationName = Release;
		};
		D1EDACA82BE927AB00645A5C /* Build configuration list for PBXNativeTarget "Device" */ = {
			isa = XCConfigurationList;
			buildConfigurations = (
				D1EDACA92BE927AB00645A5C /* Debug */,
				D1EDACAA2BE927AB00645A5C /* Release */,
			);
			defaultConfigurationIsVisible = 0;
			defaultConfigurationName = Release;
		};
		D1EDACBB2BE927E700645A5C /* Build configuration list for PBXNativeTarget "NewLockAppAction" */ = {
			isa = XCConfigurationList;
			buildConfigurations = (
				D1EDACBC2BE927E700645A5C /* Debug */,
				D1EDACBD2BE927E700645A5C /* Release */,
			);
			defaultConfigurationIsVisible = 0;
			defaultConfigurationName = Release;
		};
		D1EDACCE2BE9280700645A5C /* Build configuration list for PBXNativeTarget "NewLockAppConfig" */ = {
			isa = XCConfigurationList;
			buildConfigurations = (
				D1EDACCF2BE9280700645A5C /* Debug */,
				D1EDACD02BE9280700645A5C /* Release */,
			);
			defaultConfigurationIsVisible = 0;
			defaultConfigurationName = Release;
		};
/* End XCConfigurationList section */
	};
	rootObject = D1EDAC7C2BE9267000645A5C /* Project object */;
}
